
Microsoft Visual Studio Solution File, Format Version 12.00
# Visual Studio Version 16
VisualStudioVersion = 16.0.30128.74
MinimumVisualStudioVersion = 10.0.40219.1
Project("{FAE04EC0-301F-11D3-BF4B-00C04F79EFBC}") = "MgSoft.K3Cloud", "MgSoft.K3Cloud\MgSoft.K3Cloud.csproj", "{F00A4145-9731-4098-83F3-B482BA96839F}"
EndProject
Project("{FAE04EC0-301F-11D3-BF4B-00C04F79EFBC}") = "MgSoft.K3Cloud.Test", "MgSoft.K3Cloud.Test\MgSoft.K3Cloud.Test.csproj", "{2F4E4DFC-1C56-4002-9089-5E97E87F3A4F}"
EndProject
Global
	GlobalSection(SolutionConfigurationPlatforms) = preSolution
		Debug|Any CPU = Debug|Any CPU
		Release|Any CPU = Release|Any CPU
	EndGlobalSection
	GlobalSection(ProjectConfigurationPlatforms) = postSolution
		{F00A4145-9731-4098-83F3-B482BA96839F}.Debug|Any CPU.ActiveCfg = Debug|Any CPU
		{F00A4145-9731-4098-83F3-B482BA96839F}.Debug|Any CPU.Build.0 = Debug|Any CPU
		{F00A4145-9731-4098-83F3-B482BA96839F}.Release|Any CPU.ActiveCfg = Release|Any CPU
		{F00A4145-9731-4098-83F3-B482BA96839F}.Release|Any CPU.Build.0 = Release|Any CPU
		{2F4E4DFC-1C56-4002-9089-5E97E87F3A4F}.Debug|Any CPU.ActiveCfg = Debug|Any CPU
		{2F4E4DFC-1C56-4002-9089-5E97E87F3A4F}.Debug|Any CPU.Build.0 = Debug|Any CPU
		{2F4E4DFC-1C56-4002-9089-5E97E87F3A4F}.Release|Any CPU.ActiveCfg = Release|Any CPU
		{2F4E4DFC-1C56-4002-9089-5E97E87F3A4F}.Release|Any CPU.Build.0 = Release|Any CPU
	EndGlobalSection
	GlobalSection(SolutionProperties) = preSolution
		HideSolutionNode = FALSE
	EndGlobalSection
	GlobalSection(ExtensibilityGlobals) = postSolution
		SolutionGuid = {ABA0DE0E-CDA7-4DF7-A0A7-AD4124356B45}
	EndGlobalSection
EndGlobal
