
Microsoft Visual Studio Solution File, Format Version 12.00
# Visual Studio Version 16
VisualStudioVersion = 16.0.30128.74
MinimumVisualStudioVersion = 10.0.40219.1
Project("{FAE04EC0-301F-11D3-BF4B-00C04F79EFBC}") = "MgSoft.K3Cloud", "MgSoft.K3Cloud\MgSoft.K3Cloud.csproj", "{F00A4145-9731-4098-83F3-B482BA96839F}"
EndProject
Project("{FAE04EC0-301F-11D3-BF4B-00C04F79EFBC}") = "MgSoft.K3Cloud.Test", "MgSoft.K3Cloud.Test\MgSoft.K3Cloud.Test.csproj", "{A5570403-0969-4CC1-A65D-23664A23CC43}"
EndProject
Project("{9A19103F-16F7-4668-BE54-9A1E7A4F7556}") = "MgSoft.K3Cloud.WebApi", "MgSoft.K3Cloud.WebApi\MgSoft.K3Cloud.WebApi.csproj", "{877D5122-DD78-44A6-A6D4-E8D2952FB764}"
EndProject
Project("{9A19103F-16F7-4668-BE54-9A1E7A4F7556}") = "MgSoft", "MgSoft\MgSoft.csproj", "{E2AE9497-4B35-48F4-9968-D01A57B116EE}"
EndProject
Project("{9A19103F-16F7-4668-BE54-9A1E7A4F7556}") = "MgSoft.K3Cloud.WebApiTests", "MgSoft.K3Cloud.WebApiTests\MgSoft.K3Cloud.WebApiTests.csproj", "{C0DC5507-6AE5-4B15-8D3F-7FD298C5F948}"
EndProject
Project("{9A19103F-16F7-4668-BE54-9A1E7A4F7556}") = "MgSoft.DependenceInjection.Autofac", "MgSoft.DependenceInjection.Autofac\MgSoft.DependenceInjection.Autofac.csproj", "{9C55C571-4968-419B-A42E-9B2ABC00891E}"
EndProject
Project("{9A19103F-16F7-4668-BE54-9A1E7A4F7556}") = "MgSoft.K3Cloud.WebApi.DependenceInjection.Autofac", "MgSoft.K3Cloud.WebApi.DependenceInjection.Autofac\MgSoft.K3Cloud.WebApi.DependenceInjection.Autofac.csproj", "{6707B9ED-7EB4-4DD6-994D-4670D6817FA7}"
EndProject
Project("{9A19103F-16F7-4668-BE54-9A1E7A4F7556}") = "MgSoft.Import", "MgSoft.Import\MgSoft.Import.csproj", "{D137A644-EFEC-4906-BDBF-CCF63585979B}"
EndProject
Project("{9A19103F-16F7-4668-BE54-9A1E7A4F7556}") = "MgSoft.Import.Excel", "MgSoft.Import.Excel\MgSoft.Import.Excel.csproj", "{BBFC680C-B8BE-445A-816A-9BD6C640A0E4}"
EndProject
Project("{9A19103F-16F7-4668-BE54-9A1E7A4F7556}") = "MgSoft.Component", "MgSoft.Component\MgSoft.Component.csproj", "{1963FD92-6985-430A-8F36-01AD9044EB8F}"
EndProject
Project("{FAE04EC0-301F-11D3-BF4B-00C04F79EFBC}") = "MgSoft.Log.MgSerilog", "MgSoft.Log.MgSerilog\MgSoft.Log.MgSerilog.csproj", "{253B818D-9B49-4110-A83E-D51E8198EF54}"
EndProject
Project("{FAE04EC0-301F-11D3-BF4B-00C04F79EFBC}") = "MgSoft.Log.MgSerilog.Autofac", "MgSoft.Log.MgSerilog.Autofac\MgSoft.Log.MgSerilog.Autofac.csproj", "{EC0F1C47-146D-421F-AE02-298C9943BF9C}"
EndProject
Global
	GlobalSection(SolutionConfigurationPlatforms) = preSolution
		Debug|Any CPU = Debug|Any CPU
		Release|Any CPU = Release|Any CPU
	EndGlobalSection
	GlobalSection(ProjectConfigurationPlatforms) = postSolution
		{F00A4145-9731-4098-83F3-B482BA96839F}.Debug|Any CPU.ActiveCfg = Debug|Any CPU
		{F00A4145-9731-4098-83F3-B482BA96839F}.Debug|Any CPU.Build.0 = Debug|Any CPU
		{F00A4145-9731-4098-83F3-B482BA96839F}.Release|Any CPU.ActiveCfg = Release|Any CPU
		{F00A4145-9731-4098-83F3-B482BA96839F}.Release|Any CPU.Build.0 = Release|Any CPU
		{A5570403-0969-4CC1-A65D-23664A23CC43}.Debug|Any CPU.ActiveCfg = Debug|Any CPU
		{A5570403-0969-4CC1-A65D-23664A23CC43}.Debug|Any CPU.Build.0 = Debug|Any CPU
		{A5570403-0969-4CC1-A65D-23664A23CC43}.Release|Any CPU.ActiveCfg = Release|Any CPU
		{A5570403-0969-4CC1-A65D-23664A23CC43}.Release|Any CPU.Build.0 = Release|Any CPU
		{877D5122-DD78-44A6-A6D4-E8D2952FB764}.Debug|Any CPU.ActiveCfg = Debug|Any CPU
		{877D5122-DD78-44A6-A6D4-E8D2952FB764}.Debug|Any CPU.Build.0 = Debug|Any CPU
		{877D5122-DD78-44A6-A6D4-E8D2952FB764}.Release|Any CPU.ActiveCfg = Release|Any CPU
		{877D5122-DD78-44A6-A6D4-E8D2952FB764}.Release|Any CPU.Build.0 = Release|Any CPU
		{E2AE9497-4B35-48F4-9968-D01A57B116EE}.Debug|Any CPU.ActiveCfg = Debug|Any CPU
		{E2AE9497-4B35-48F4-9968-D01A57B116EE}.Debug|Any CPU.Build.0 = Debug|Any CPU
		{E2AE9497-4B35-48F4-9968-D01A57B116EE}.Release|Any CPU.ActiveCfg = Release|Any CPU
		{E2AE9497-4B35-48F4-9968-D01A57B116EE}.Release|Any CPU.Build.0 = Release|Any CPU
		{C0DC5507-6AE5-4B15-8D3F-7FD298C5F948}.Debug|Any CPU.ActiveCfg = Debug|Any CPU
		{C0DC5507-6AE5-4B15-8D3F-7FD298C5F948}.Debug|Any CPU.Build.0 = Debug|Any CPU
		{C0DC5507-6AE5-4B15-8D3F-7FD298C5F948}.Release|Any CPU.ActiveCfg = Release|Any CPU
		{C0DC5507-6AE5-4B15-8D3F-7FD298C5F948}.Release|Any CPU.Build.0 = Release|Any CPU
		{9C55C571-4968-419B-A42E-9B2ABC00891E}.Debug|Any CPU.ActiveCfg = Debug|Any CPU
		{9C55C571-4968-419B-A42E-9B2ABC00891E}.Debug|Any CPU.Build.0 = Debug|Any CPU
		{9C55C571-4968-419B-A42E-9B2ABC00891E}.Release|Any CPU.ActiveCfg = Release|Any CPU
		{9C55C571-4968-419B-A42E-9B2ABC00891E}.Release|Any CPU.Build.0 = Release|Any CPU
		{6707B9ED-7EB4-4DD6-994D-4670D6817FA7}.Debug|Any CPU.ActiveCfg = Debug|Any CPU
		{6707B9ED-7EB4-4DD6-994D-4670D6817FA7}.Debug|Any CPU.Build.0 = Debug|Any CPU
		{6707B9ED-7EB4-4DD6-994D-4670D6817FA7}.Release|Any CPU.ActiveCfg = Release|Any CPU
		{6707B9ED-7EB4-4DD6-994D-4670D6817FA7}.Release|Any CPU.Build.0 = Release|Any CPU
		{D137A644-EFEC-4906-BDBF-CCF63585979B}.Debug|Any CPU.ActiveCfg = Debug|Any CPU
		{D137A644-EFEC-4906-BDBF-CCF63585979B}.Debug|Any CPU.Build.0 = Debug|Any CPU
		{D137A644-EFEC-4906-BDBF-CCF63585979B}.Release|Any CPU.ActiveCfg = Release|Any CPU
		{D137A644-EFEC-4906-BDBF-CCF63585979B}.Release|Any CPU.Build.0 = Release|Any CPU
		{BBFC680C-B8BE-445A-816A-9BD6C640A0E4}.Debug|Any CPU.ActiveCfg = Debug|Any CPU
		{BBFC680C-B8BE-445A-816A-9BD6C640A0E4}.Debug|Any CPU.Build.0 = Debug|Any CPU
		{BBFC680C-B8BE-445A-816A-9BD6C640A0E4}.Release|Any CPU.ActiveCfg = Release|Any CPU
		{BBFC680C-B8BE-445A-816A-9BD6C640A0E4}.Release|Any CPU.Build.0 = Release|Any CPU
		{1963FD92-6985-430A-8F36-01AD9044EB8F}.Debug|Any CPU.ActiveCfg = Debug|Any CPU
		{1963FD92-6985-430A-8F36-01AD9044EB8F}.Debug|Any CPU.Build.0 = Debug|Any CPU
		{1963FD92-6985-430A-8F36-01AD9044EB8F}.Release|Any CPU.ActiveCfg = Release|Any CPU
		{1963FD92-6985-430A-8F36-01AD9044EB8F}.Release|Any CPU.Build.0 = Release|Any CPU
		{253B818D-9B49-4110-A83E-D51E8198EF54}.Debug|Any CPU.ActiveCfg = Debug|Any CPU
		{253B818D-9B49-4110-A83E-D51E8198EF54}.Debug|Any CPU.Build.0 = Debug|Any CPU
		{253B818D-9B49-4110-A83E-D51E8198EF54}.Release|Any CPU.ActiveCfg = Release|Any CPU
		{253B818D-9B49-4110-A83E-D51E8198EF54}.Release|Any CPU.Build.0 = Release|Any CPU
		{EC0F1C47-146D-421F-AE02-298C9943BF9C}.Debug|Any CPU.ActiveCfg = Debug|Any CPU
		{EC0F1C47-146D-421F-AE02-298C9943BF9C}.Debug|Any CPU.Build.0 = Debug|Any CPU
		{EC0F1C47-146D-421F-AE02-298C9943BF9C}.Release|Any CPU.ActiveCfg = Release|Any CPU
		{EC0F1C47-146D-421F-AE02-298C9943BF9C}.Release|Any CPU.Build.0 = Release|Any CPU
	EndGlobalSection
	GlobalSection(SolutionProperties) = preSolution
		HideSolutionNode = FALSE
	EndGlobalSection
	GlobalSection(ExtensibilityGlobals) = postSolution
		SolutionGuid = {ABA0DE0E-CDA7-4DF7-A0A7-AD4124356B45}
	EndGlobalSection
EndGlobal
